
Microsoft Visual Studio Solution File, Format Version 12.00
# Visual Studio 15
VisualStudioVersion = 15.0.27428.2005
MinimumVisualStudioVersion = 10.0.40219.1
Project("{FAE04EC0-301F-11D3-BF4B-00C04F79EFBC}") = "JS Golf", "JS Golf\JS Golf.csproj", "{94447267-C20C-4CEB-8387-6FAB1C0E63AF}"
EndProject
Global
	GlobalSection(SolutionConfigurationPlatforms) = preSolution
		Debug|Any CPU = Debug|Any CPU
		Release|Any CPU = Release|Any CPU
	EndGlobalSection
	GlobalSection(ProjectConfigurationPlatforms) = postSolution
		{94447267-C20C-4CEB-8387-6FAB1C0E63AF}.Debug|Any CPU.ActiveCfg = Debug|Any CPU
		{94447267-C20C-4CEB-8387-6FAB1C0E63AF}.Debug|Any CPU.Build.0 = Debug|Any CPU
		{94447267-C20C-4CEB-8387-6FAB1C0E63AF}.Release|Any CPU.ActiveCfg = Release|Any CPU
		{94447267-C20C-4CEB-8387-6FAB1C0E63AF}.Release|Any CPU.Build.0 = Release|Any CPU
	EndGlobalSection
	GlobalSection(SolutionProperties) = preSolution
		HideSolutionNode = FALSE
	EndGlobalSection
	GlobalSection(ExtensibilityGlobals) = postSolution
		SolutionGuid = {72948B14-A4F3-4797-BF8A-3BBE78BF3B0D}
	EndGlobalSection
EndGlobal
